
Microsoft Visual Studio Solution File, Format Version 12.00
# Visual Studio Version 17
VisualStudioVersion = 17.0.31903.59
MinimumVisualStudioVersion = 10.0.40219.1
Project("{2150E333-8FDC-42A3-9474-1A3956D46DE8}") = "src", "src", "{827E0CD3-B72D-47B6-A68D-7590B98EB39B}"
EndProject
Project("{2150E333-8FDC-42A3-9474-1A3956D46DE8}") = "TaskService", "TaskService", "{6A46918E-DF64-BBF1-4102-4F79514DD0AE}"
EndProject
Project("{2150E333-8FDC-42A3-9474-1A3956D46DE8}") = "Core", "Core", "{30A74000-9A10-CD57-ED1D-A0917E8E7C13}"
EndProject
Project("{FAE04EC0-301F-11D3-BF4B-00C04F79EFBC}") = "TaskService.Domain", "src\TaskService\Core\TaskService.Domain\TaskService.Domain.csproj", "{D4A54E31-C287-4808-BDD3-FC96F05B84B6}"
EndProject
Project("{FAE04EC0-301F-11D3-BF4B-00C04F79EFBC}") = "TaskService.Application", "src\TaskService\Core\TaskService.Application\TaskService.Application.csproj", "{2A7479B5-56A8-4BEA-B9F1-16829A711AE6}"
EndProject
Project("{FAE04EC0-301F-11D3-BF4B-00C04F79EFBC}") = "TaskService.Persistence", "src\TaskService\TaskService.Persistence\TaskService.Persistence.csproj", "{89D14EE0-7089-41DD-A205-E4740852D2FE}"
EndProject
Project("{FAE04EC0-301F-11D3-BF4B-00C04F79EFBC}") = "TaskService.API", "src\TaskService\TaskService.API\TaskService.API.csproj", "{EFCF6169-3EB1-4682-AE3A-702A8666A066}"
EndProject
Project("{FAE04EC0-301F-11D3-BF4B-00C04F79EFBC}") = "TaskService.Tests", "src\TaskService\TaskService.Tests\TaskService.Tests.csproj", "{4433155C-A2FB-48F9-8568-6146D3219748}"
EndProject
Global
	GlobalSection(SolutionConfigurationPlatforms) = preSolution
		Debug|Any CPU = Debug|Any CPU
		Debug|x64 = Debug|x64
		Debug|x86 = Debug|x86
		Release|Any CPU = Release|Any CPU
		Release|x64 = Release|x64
		Release|x86 = Release|x86
	EndGlobalSection
	GlobalSection(ProjectConfigurationPlatforms) = postSolution
		{D4A54E31-C287-4808-BDD3-FC96F05B84B6}.Debug|Any CPU.ActiveCfg = Debug|Any CPU
		{D4A54E31-C287-4808-BDD3-FC96F05B84B6}.Debug|Any CPU.Build.0 = Debug|Any CPU
		{D4A54E31-C287-4808-BDD3-FC96F05B84B6}.Debug|x64.ActiveCfg = Debug|Any CPU
		{D4A54E31-C287-4808-BDD3-FC96F05B84B6}.Debug|x64.Build.0 = Debug|Any CPU
		{D4A54E31-C287-4808-BDD3-FC96F05B84B6}.Debug|x86.ActiveCfg = Debug|Any CPU
		{D4A54E31-C287-4808-BDD3-FC96F05B84B6}.Debug|x86.Build.0 = Debug|Any CPU
		{D4A54E31-C287-4808-BDD3-FC96F05B84B6}.Release|Any CPU.ActiveCfg = Release|Any CPU
		{D4A54E31-C287-4808-BDD3-FC96F05B84B6}.Release|Any CPU.Build.0 = Release|Any CPU
		{D4A54E31-C287-4808-BDD3-FC96F05B84B6}.Release|x64.ActiveCfg = Release|Any CPU
		{D4A54E31-C287-4808-BDD3-FC96F05B84B6}.Release|x64.Build.0 = Release|Any CPU
		{D4A54E31-C287-4808-BDD3-FC96F05B84B6}.Release|x86.ActiveCfg = Release|Any CPU
		{D4A54E31-C287-4808-BDD3-FC96F05B84B6}.Release|x86.Build.0 = Release|Any CPU
		{2A7479B5-56A8-4BEA-B9F1-16829A711AE6}.Debug|Any CPU.ActiveCfg = Debug|Any CPU
		{2A7479B5-56A8-4BEA-B9F1-16829A711AE6}.Debug|Any CPU.Build.0 = Debug|Any CPU
		{2A7479B5-56A8-4BEA-B9F1-16829A711AE6}.Debug|x64.ActiveCfg = Debug|Any CPU
		{2A7479B5-56A8-4BEA-B9F1-16829A711AE6}.Debug|x64.Build.0 = Debug|Any CPU
		{2A7479B5-56A8-4BEA-B9F1-16829A711AE6}.Debug|x86.ActiveCfg = Debug|Any CPU
		{2A7479B5-56A8-4BEA-B9F1-16829A711AE6}.Debug|x86.Build.0 = Debug|Any CPU
		{2A7479B5-56A8-4BEA-B9F1-16829A711AE6}.Release|Any CPU.ActiveCfg = Release|Any CPU
		{2A7479B5-56A8-4BEA-B9F1-16829A711AE6}.Release|Any CPU.Build.0 = Release|Any CPU
		{2A7479B5-56A8-4BEA-B9F1-16829A711AE6}.Release|x64.ActiveCfg = Release|Any CPU
		{2A7479B5-56A8-4BEA-B9F1-16829A711AE6}.Release|x64.Build.0 = Release|Any CPU
		{2A7479B5-56A8-4BEA-B9F1-16829A711AE6}.Release|x86.ActiveCfg = Release|Any CPU
		{2A7479B5-56A8-4BEA-B9F1-16829A711AE6}.Release|x86.Build.0 = Release|Any CPU
		{89D14EE0-7089-41DD-A205-E4740852D2FE}.Debug|Any CPU.ActiveCfg = Debug|Any CPU
		{89D14EE0-7089-41DD-A205-E4740852D2FE}.Debug|Any CPU.Build.0 = Debug|Any CPU
		{89D14EE0-7089-41DD-A205-E4740852D2FE}.Debug|x64.ActiveCfg = Debug|Any CPU
		{89D14EE0-7089-41DD-A205-E4740852D2FE}.Debug|x64.Build.0 = Debug|Any CPU
		{89D14EE0-7089-41DD-A205-E4740852D2FE}.Debug|x86.ActiveCfg = Debug|Any CPU
		{89D14EE0-7089-41DD-A205-E4740852D2FE}.Debug|x86.Build.0 = Debug|Any CPU
		{89D14EE0-7089-41DD-A205-E4740852D2FE}.Release|Any CPU.ActiveCfg = Release|Any CPU
		{89D14EE0-7089-41DD-A205-E4740852D2FE}.Release|Any CPU.Build.0 = Release|Any CPU
		{89D14EE0-7089-41DD-A205-E4740852D2FE}.Release|x64.ActiveCfg = Release|Any CPU
		{89D14EE0-7089-41DD-A205-E4740852D2FE}.Release|x64.Build.0 = Release|Any CPU
		{89D14EE0-7089-41DD-A205-E4740852D2FE}.Release|x86.ActiveCfg = Release|Any CPU
		{89D14EE0-7089-41DD-A205-E4740852D2FE}.Release|x86.Build.0 = Release|Any CPU
		{EFCF6169-3EB1-4682-AE3A-702A8666A066}.Debug|Any CPU.ActiveCfg = Debug|Any CPU
		{EFCF6169-3EB1-4682-AE3A-702A8666A066}.Debug|Any CPU.Build.0 = Debug|Any CPU
		{EFCF6169-3EB1-4682-AE3A-702A8666A066}.Debug|x64.ActiveCfg = Debug|Any CPU
		{EFCF6169-3EB1-4682-AE3A-702A8666A066}.Debug|x64.Build.0 = Debug|Any CPU
		{EFCF6169-3EB1-4682-AE3A-702A8666A066}.Debug|x86.ActiveCfg = Debug|Any CPU
		{EFCF6169-3EB1-4682-AE3A-702A8666A066}.Debug|x86.Build.0 = Debug|Any CPU
		{EFCF6169-3EB1-4682-AE3A-702A8666A066}.Release|Any CPU.ActiveCfg = Release|Any CPU
		{EFCF6169-3EB1-4682-AE3A-702A8666A066}.Release|Any CPU.Build.0 = Release|Any CPU
		{EFCF6169-3EB1-4682-AE3A-702A8666A066}.Release|x64.ActiveCfg = Release|Any CPU
		{EFCF6169-3EB1-4682-AE3A-702A8666A066}.Release|x64.Build.0 = Release|Any CPU
		{EFCF6169-3EB1-4682-AE3A-702A8666A066}.Release|x86.ActiveCfg = Release|Any CPU
		{EFCF6169-3EB1-4682-AE3A-702A8666A066}.Release|x86.Build.0 = Release|Any CPU
		{4433155C-A2FB-48F9-8568-6146D3219748}.Debug|Any CPU.ActiveCfg = Debug|Any CPU
		{4433155C-A2FB-48F9-8568-6146D3219748}.Debug|Any CPU.Build.0 = Debug|Any CPU
		{4433155C-A2FB-48F9-8568-6146D3219748}.Debug|x64.ActiveCfg = Debug|Any CPU
		{4433155C-A2FB-48F9-8568-6146D3219748}.Debug|x64.Build.0 = Debug|Any CPU
		{4433155C-A2FB-48F9-8568-6146D3219748}.Debug|x86.ActiveCfg = Debug|Any CPU
		{4433155C-A2FB-48F9-8568-6146D3219748}.Debug|x86.Build.0 = Debug|Any CPU
		{4433155C-A2FB-48F9-8568-6146D3219748}.Release|Any CPU.ActiveCfg = Release|Any CPU
		{4433155C-A2FB-48F9-8568-6146D3219748}.Release|Any CPU.Build.0 = Release|Any CPU
		{4433155C-A2FB-48F9-8568-6146D3219748}.Release|x64.ActiveCfg = Release|Any CPU
		{4433155C-A2FB-48F9-8568-6146D3219748}.Release|x64.Build.0 = Release|Any CPU
		{4433155C-A2FB-48F9-8568-6146D3219748}.Release|x86.ActiveCfg = Release|Any CPU
		{4433155C-A2FB-48F9-8568-6146D3219748}.Release|x86.Build.0 = Release|Any CPU
	EndGlobalSection
	GlobalSection(SolutionProperties) = preSolution
		HideSolutionNode = FALSE
	EndGlobalSection
	GlobalSection(NestedProjects) = preSolution
		{6A46918E-DF64-BBF1-4102-4F79514DD0AE} = {827E0CD3-B72D-47B6-A68D-7590B98EB39B}
		{30A74000-9A10-CD57-ED1D-A0917E8E7C13} = {6A46918E-DF64-BBF1-4102-4F79514DD0AE}
		{D4A54E31-C287-4808-BDD3-FC96F05B84B6} = {30A74000-9A10-CD57-ED1D-A0917E8E7C13}
		{2A7479B5-56A8-4BEA-B9F1-16829A711AE6} = {30A74000-9A10-CD57-ED1D-A0917E8E7C13}
		{89D14EE0-7089-41DD-A205-E4740852D2FE} = {6A46918E-DF64-BBF1-4102-4F79514DD0AE}
		{EFCF6169-3EB1-4682-AE3A-702A8666A066} = {6A46918E-DF64-BBF1-4102-4F79514DD0AE}
		{4433155C-A2FB-48F9-8568-6146D3219748} = {6A46918E-DF64-BBF1-4102-4F79514DD0AE}
	EndGlobalSection
EndGlobal
